<Solution>
  <Project Path="SistemaPedidos.Aplicacao/SistemaPedidos.Aplicacao.csproj" Id="c44adc69-c0c2-474e-b49e-2811dc558ed3" />
  <Project Path="SistemaPedidos.Domain/SistemaPedidos.Domain.csproj" Id="e7d79824-e19a-415b-810b-6cd417c7c6dd" />
  <Project Path="SistemaPedidos.Infraestrutura/SistemaPedidos.Infraestrutura.csproj" Id="04cbd322-45dd-4cfc-bab6-358c164271fd" />
  <Project Path="SistemaPedidos/SistemaPedidos.csproj" Id="6a8ef365-c622-4a5c-af59-b0f9037ed57d" />
</Solution>
